// !$*UTF8*$!
{
	archiveVersion = 1;
	classes = {
	};
	objectVersion = 50;
	objects = {

/* Begin PBXBuildFile section */
		A7321F8023C5E430006920D9 /* AppDelegate.swift in Sources */ = {isa = PBXBuildFile; fileRef = A7321F7F23C5E430006920D9 /* AppDelegate.swift */; };
		A7321F8223C5E430006920D9 /* SceneDelegate.swift in Sources */ = {isa = PBXBuildFile; fileRef = A7321F8123C5E430006920D9 /* SceneDelegate.swift */; };
		A7321F8423C5E430006920D9 /* MainViewController.swift in Sources */ = {isa = PBXBuildFile; fileRef = A7321F8323C5E430006920D9 /* MainViewController.swift */; };
		A7321F8723C5E430006920D9 /* Main.storyboard in Resources */ = {isa = PBXBuildFile; fileRef = A7321F8523C5E430006920D9 /* Main.storyboard */; };
		A7321F8A23C5E430006920D9 /* simpleSavings.xcdatamodeld in Sources */ = {isa = PBXBuildFile; fileRef = A7321F8823C5E430006920D9 /* simpleSavings.xcdatamodeld */; };
		A7321F8C23C5E431006920D9 /* Assets.xcassets in Resources */ = {isa = PBXBuildFile; fileRef = A7321F8B23C5E431006920D9 /* Assets.xcassets */; };
		A7321F8F23C5E431006920D9 /* LaunchScreen.storyboard in Resources */ = {isa = PBXBuildFile; fileRef = A7321F8D23C5E431006920D9 /* LaunchScreen.storyboard */; };
		A739840623CD9495003396A0 /* MainViewController+TableViewDatasource.swift in Sources */ = {isa = PBXBuildFile; fileRef = A739840523CD9495003396A0 /* MainViewController+TableViewDatasource.swift */; };
		A739840A23CDCB82003396A0 /* ExpenseViewController.swift in Sources */ = {isa = PBXBuildFile; fileRef = A739840923CDCB82003396A0 /* ExpenseViewController.swift */; };
		A751121523CAB01000212B1A /* ExpenseCell.swift in Sources */ = {isa = PBXBuildFile; fileRef = A751121423CAB01000212B1A /* ExpenseCell.swift */; };
		A751121823CAB2C900212B1A /* Expense.swift in Sources */ = {isa = PBXBuildFile; fileRef = A751121723CAB2C900212B1A /* Expense.swift */; };
		A75B11DE23CF030900D9079B /* ExpenseVieController+TableViewDatasource.swift in Sources */ = {isa = PBXBuildFile; fileRef = A75B11DD23CF030900D9079B /* ExpenseVieController+TableViewDatasource.swift */; };
		A75B11E023CF05A500D9079B /* MonthlyTotal.swift in Sources */ = {isa = PBXBuildFile; fileRef = A75B11DF23CF05A500D9079B /* MonthlyTotal.swift */; };
		A75B11E223CF062E00D9079B /* MonthlyTotalCell.swift in Sources */ = {isa = PBXBuildFile; fileRef = A75B11E123CF062E00D9079B /* MonthlyTotalCell.swift */; };
		A7B139ED23D6C838008E871A /* savingsCoreData.swift in Sources */ = {isa = PBXBuildFile; fileRef = A7B139EC23D6C838008E871A /* savingsCoreData.swift */; };
		A7FEE2AA23CA323000080DCE /* UIViews.swift in Sources */ = {isa = PBXBuildFile; fileRef = A7FEE2A923CA323000080DCE /* UIViews.swift */; };
		A7FEE2AC23CA323A00080DCE /* UIButtons.swift in Sources */ = {isa = PBXBuildFile; fileRef = A7FEE2AB23CA323A00080DCE /* UIButtons.swift */; };
/* End PBXBuildFile section */

/* Begin PBXFileReference section */
		A7321F7C23C5E430006920D9 /* simpleSavings.app */ = {isa = PBXFileReference; explicitFileType = wrapper.application; includeInIndex = 0; path = simpleSavings.app; sourceTree = BUILT_PRODUCTS_DIR; };
		A7321F7F23C5E430006920D9 /* AppDelegate.swift */ = {isa = PBXFileReference; lastKnownFileType = sourcecode.swift; path = AppDelegate.swift; sourceTree = "<group>"; };
		A7321F8123C5E430006920D9 /* SceneDelegate.swift */ = {isa = PBXFileReference; lastKnownFileType = sourcecode.swift; path = SceneDelegate.swift; sourceTree = "<group>"; };
		A7321F8323C5E430006920D9 /* MainViewController.swift */ = {isa = PBXFileReference; lastKnownFileType = sourcecode.swift; path = MainViewController.swift; sourceTree = "<group>"; };
		A7321F8623C5E430006920D9 /* Base */ = {isa = PBXFileReference; lastKnownFileType = file.storyboard; name = Base; path = Base.lproj/Main.storyboard; sourceTree = "<group>"; };
		A7321F8923C5E430006920D9 /* simpleSavings.xcdatamodel */ = {isa = PBXFileReference; lastKnownFileType = wrapper.xcdatamodel; path = simpleSavings.xcdatamodel; sourceTree = "<group>"; };
		A7321F8B23C5E431006920D9 /* Assets.xcassets */ = {isa = PBXFileReference; lastKnownFileType = folder.assetcatalog; path = Assets.xcassets; sourceTree = "<group>"; };
		A7321F8E23C5E431006920D9 /* Base */ = {isa = PBXFileReference; lastKnownFileType = file.storyboard; name = Base; path = Base.lproj/LaunchScreen.storyboard; sourceTree = "<group>"; };
		A7321F9023C5E431006920D9 /* Info.plist */ = {isa = PBXFileReference; lastKnownFileType = text.plist.xml; path = Info.plist; sourceTree = "<group>"; };
		A739840523CD9495003396A0 /* MainViewController+TableViewDatasource.swift */ = {isa = PBXFileReference; lastKnownFileType = sourcecode.swift; path = "MainViewController+TableViewDatasource.swift"; sourceTree = "<group>"; };
		A739840923CDCB82003396A0 /* ExpenseViewController.swift */ = {isa = PBXFileReference; lastKnownFileType = sourcecode.swift; path = ExpenseViewController.swift; sourceTree = "<group>"; };
		A751121423CAB01000212B1A /* ExpenseCell.swift */ = {isa = PBXFileReference; lastKnownFileType = sourcecode.swift; path = ExpenseCell.swift; sourceTree = "<group>"; };
		A751121723CAB2C900212B1A /* Expense.swift */ = {isa = PBXFileReference; lastKnownFileType = sourcecode.swift; path = Expense.swift; sourceTree = "<group>"; };
		A75B11DD23CF030900D9079B /* ExpenseVieController+TableViewDatasource.swift */ = {isa = PBXFileReference; lastKnownFileType = sourcecode.swift; path = "ExpenseVieController+TableViewDatasource.swift"; sourceTree = "<group>"; };
		A75B11DF23CF05A500D9079B /* MonthlyTotal.swift */ = {isa = PBXFileReference; lastKnownFileType = sourcecode.swift; path = MonthlyTotal.swift; sourceTree = "<group>"; };
		A75B11E123CF062E00D9079B /* MonthlyTotalCell.swift */ = {isa = PBXFileReference; lastKnownFileType = sourcecode.swift; path = MonthlyTotalCell.swift; sourceTree = "<group>"; };
		A7B139EC23D6C838008E871A /* savingsCoreData.swift */ = {isa = PBXFileReference; lastKnownFileType = sourcecode.swift; path = savingsCoreData.swift; sourceTree = "<group>"; };
		A7FEE2A923CA323000080DCE /* UIViews.swift */ = {isa = PBXFileReference; lastKnownFileType = sourcecode.swift; path = UIViews.swift; sourceTree = "<group>"; };
		A7FEE2AB23CA323A00080DCE /* UIButtons.swift */ = {isa = PBXFileReference; lastKnownFileType = sourcecode.swift; path = UIButtons.swift; sourceTree = "<group>"; };
/* End PBXFileReference section */

/* Begin PBXFrameworksBuildPhase section */
		A7321F7923C5E430006920D9 /* Frameworks */ = {
			isa = PBXFrameworksBuildPhase;
			buildActionMask = 2147483647;
			files = (
			);
			runOnlyForDeploymentPostprocessing = 0;
		};
/* End PBXFrameworksBuildPhase section */

/* Begin PBXGroup section */
		A7321F7323C5E430006920D9 = {
			isa = PBXGroup;
			children = (
				A7321F7E23C5E430006920D9 /* simpleSavings */,
				A7321F7D23C5E430006920D9 /* Products */,
			);
			sourceTree = "<group>";
		};
		A7321F7D23C5E430006920D9 /* Products */ = {
			isa = PBXGroup;
			children = (
				A7321F7C23C5E430006920D9 /* simpleSavings.app */,
			);
			name = Products;
			sourceTree = "<group>";
		};
		A7321F7E23C5E430006920D9 /* simpleSavings */ = {
			isa = PBXGroup;
			children = (
				A7FEE2A623CA320600080DCE /* Extensions */,
				A7321F9823C5FDAD006920D9 /* Models */,
				A7321F9723C5FDA7006920D9 /* Views */,
				A7321F9623C5FD94006920D9 /* Controllers */,
				A7321F7F23C5E430006920D9 /* AppDelegate.swift */,
				A7321F8123C5E430006920D9 /* SceneDelegate.swift */,
				A7321F8523C5E430006920D9 /* Main.storyboard */,
				A7321F8B23C5E431006920D9 /* Assets.xcassets */,
				A7321F8D23C5E431006920D9 /* LaunchScreen.storyboard */,
				A7321F9023C5E431006920D9 /* Info.plist */,
				A7321F8823C5E430006920D9 /* simpleSavings.xcdatamodeld */,
			);
			path = simpleSavings;
			sourceTree = "<group>";
		};
		A7321F9623C5FD94006920D9 /* Controllers */ = {
			isa = PBXGroup;
			children = (
				A739840723CD94AD003396A0 /* MainScreen */,
				A739840823CDCB62003396A0 /* ExpenseScreen */,
			);
			path = Controllers;
			sourceTree = "<group>";
		};
		A7321F9723C5FDA7006920D9 /* Views */ = {
			isa = PBXGroup;
			children = (
				A751121323CAAFEF00212B1A /* Cells */,
			);
			path = Views;
			sourceTree = "<group>";
		};
		A7321F9823C5FDAD006920D9 /* Models */ = {
			isa = PBXGroup;
			children = (
				A751121623CAB2B700212B1A /* Month */,
			);
			path = Models;
			sourceTree = "<group>";
		};
		A739840723CD94AD003396A0 /* MainScreen */ = {
			isa = PBXGroup;
			children = (
				A7B139EB23D6C807008E871A /* SavingsCoreData */,
				A7321F8323C5E430006920D9 /* MainViewController.swift */,
				A739840523CD9495003396A0 /* MainViewController+TableViewDatasource.swift */,
			);
			path = MainScreen;
			sourceTree = "<group>";
		};
		A739840823CDCB62003396A0 /* ExpenseScreen */ = {
			isa = PBXGroup;
			children = (
				A739840923CDCB82003396A0 /* ExpenseViewController.swift */,
				A75B11DD23CF030900D9079B /* ExpenseVieController+TableViewDatasource.swift */,
			);
			path = ExpenseScreen;
			sourceTree = "<group>";
		};
		A751121323CAAFEF00212B1A /* Cells */ = {
			isa = PBXGroup;
			children = (
				A751121423CAB01000212B1A /* ExpenseCell.swift */,
				A75B11E123CF062E00D9079B /* MonthlyTotalCell.swift */,
			);
			path = Cells;
			sourceTree = "<group>";
		};
		A751121623CAB2B700212B1A /* Month */ = {
			isa = PBXGroup;
			children = (
				A751121723CAB2C900212B1A /* Expense.swift */,
				A75B11DF23CF05A500D9079B /* MonthlyTotal.swift */,
			);
			path = Month;
			sourceTree = "<group>";
		};
		A7B139EB23D6C807008E871A /* SavingsCoreData */ = {
			isa = PBXGroup;
			children = (
				A7B139EC23D6C838008E871A /* savingsCoreData.swift */,
			);
			path = SavingsCoreData;
			sourceTree = "<group>";
		};
		A7FEE2A623CA320600080DCE /* Extensions */ = {
			isa = PBXGroup;
			children = (
				A7FEE2A923CA323000080DCE /* UIViews.swift */,
				A7FEE2AB23CA323A00080DCE /* UIButtons.swift */,
			);
			path = Extensions;
			sourceTree = "<group>";
		};
/* End PBXGroup section */

/* Begin PBXNativeTarget section */
		A7321F7B23C5E430006920D9 /* simpleSavings */ = {
			isa = PBXNativeTarget;
			buildConfigurationList = A7321F9323C5E431006920D9 /* Build configuration list for PBXNativeTarget "simpleSavings" */;
			buildPhases = (
				A7321F7823C5E430006920D9 /* Sources */,
				A7321F7923C5E430006920D9 /* Frameworks */,
				A7321F7A23C5E430006920D9 /* Resources */,
			);
			buildRules = (
			);
			dependencies = (
			);
			name = simpleSavings;
			productName = simpleSavings;
			productReference = A7321F7C23C5E430006920D9 /* simpleSavings.app */;
			productType = "com.apple.product-type.application";
		};
/* End PBXNativeTarget section */

/* Begin PBXProject section */
		A7321F7423C5E430006920D9 /* Project object */ = {
			isa = PBXProject;
			attributes = {
				LastSwiftUpdateCheck = 1120;
				LastUpgradeCheck = 1120;
				ORGANIZATIONNAME = "Stephenson Ang";
				TargetAttributes = {
					A7321F7B23C5E430006920D9 = {
						CreatedOnToolsVersion = 11.2.1;
					};
				};
			};
			buildConfigurationList = A7321F7723C5E430006920D9 /* Build configuration list for PBXProject "simpleSavings" */;
			compatibilityVersion = "Xcode 9.3";
			developmentRegion = en;
			hasScannedForEncodings = 0;
			knownRegions = (
				en,
				Base,
			);
			mainGroup = A7321F7323C5E430006920D9;
			productRefGroup = A7321F7D23C5E430006920D9 /* Products */;
			projectDirPath = "";
			projectRoot = "";
			targets = (
				A7321F7B23C5E430006920D9 /* simpleSavings */,
			);
		};
/* End PBXProject section */

/* Begin PBXResourcesBuildPhase section */
		A7321F7A23C5E430006920D9 /* Resources */ = {
			isa = PBXResourcesBuildPhase;
			buildActionMask = 2147483647;
			files = (
				A7321F8F23C5E431006920D9 /* LaunchScreen.storyboard in Resources */,
				A7321F8C23C5E431006920D9 /* Assets.xcassets in Resources */,
				A7321F8723C5E430006920D9 /* Main.storyboard in Resources */,
			);
			runOnlyForDeploymentPostprocessing = 0;
		};
/* End PBXResourcesBuildPhase section */

/* Begin PBXSourcesBuildPhase section */
		A7321F7823C5E430006920D9 /* Sources */ = {
			isa = PBXSourcesBuildPhase;
			buildActionMask = 2147483647;
			files = (
				A75B11E023CF05A500D9079B /* MonthlyTotal.swift in Sources */,
				A751121823CAB2C900212B1A /* Expense.swift in Sources */,
				A739840623CD9495003396A0 /* MainViewController+TableViewDatasource.swift in Sources */,
				A7321F8423C5E430006920D9 /* MainViewController.swift in Sources */,
				A7321F8023C5E430006920D9 /* AppDelegate.swift in Sources */,
				A7321F8223C5E430006920D9 /* SceneDelegate.swift in Sources */,
				A7B139ED23D6C838008E871A /* savingsCoreData.swift in Sources */,
				A7FEE2AC23CA323A00080DCE /* UIButtons.swift in Sources */,
				A751121523CAB01000212B1A /* ExpenseCell.swift in Sources */,
				A75B11E223CF062E00D9079B /* MonthlyTotalCell.swift in Sources */,
				A75B11DE23CF030900D9079B /* ExpenseVieController+TableViewDatasource.swift in Sources */,
				A739840A23CDCB82003396A0 /* ExpenseViewController.swift in Sources */,
				A7FEE2AA23CA323000080DCE /* UIViews.swift in Sources */,
				A7321F8A23C5E430006920D9 /* simpleSavings.xcdatamodeld in Sources */,
			);
			runOnlyForDeploymentPostprocessing = 0;
		};
/* End PBXSourcesBuildPhase section */

/* Begin PBXVariantGroup section */
		A7321F8523C5E430006920D9 /* Main.storyboard */ = {
			isa = PBXVariantGroup;
			children = (
				A7321F8623C5E430006920D9 /* Base */,
			);
			name = Main.storyboard;
			sourceTree = "<group>";
		};
		A7321F8D23C5E431006920D9 /* LaunchScreen.storyboard */ = {
			isa = PBXVariantGroup;
			children = (
				A7321F8E23C5E431006920D9 /* Base */,
			);
			name = LaunchScreen.storyboard;
			sourceTree = "<group>";
		};
/* End PBXVariantGroup section */

/* Begin XCBuildConfiguration section */
		A7321F9123C5E431006920D9 /* Debug */ = {
			isa = XCBuildConfiguration;
			buildSettings = {
				ALWAYS_SEARCH_USER_PATHS = NO;
				CLANG_ANALYZER_NONNULL = YES;
				CLANG_ANALYZER_NUMBER_OBJECT_CONVERSION = YES_AGGRESSIVE;
				CLANG_CXX_LANGUAGE_STANDARD = "gnu++14";
				CLANG_CXX_LIBRARY = "libc++";
				CLANG_ENABLE_MODULES = YES;
				CLANG_ENABLE_OBJC_ARC = YES;
				CLANG_ENABLE_OBJC_WEAK = YES;
				CLANG_WARN_BLOCK_CAPTURE_AUTORELEASING = YES;
				CLANG_WARN_BOOL_CONVERSION = YES;
				CLANG_WARN_COMMA = YES;
				CLANG_WARN_CONSTANT_CONVERSION = YES;
				CLANG_WARN_DEPRECATED_OBJC_IMPLEMENTATIONS = YES;
				CLANG_WARN_DIRECT_OBJC_ISA_USAGE = YES_ERROR;
				CLANG_WARN_DOCUMENTATION_COMMENTS = YES;
				CLANG_WARN_EMPTY_BODY = YES;
				CLANG_WARN_ENUM_CONVERSION = YES;
				CLANG_WARN_INFINITE_RECURSION = YES;
				CLANG_WARN_INT_CONVERSION = YES;
				CLANG_WARN_NON_LITERAL_NULL_CONVERSION = YES;
				CLANG_WARN_OBJC_IMPLICIT_RETAIN_SELF = YES;
				CLANG_WARN_OBJC_LITERAL_CONVERSION = YES;
				CLANG_WARN_OBJC_ROOT_CLASS = YES_ERROR;
				CLANG_WARN_RANGE_LOOP_ANALYSIS = YES;
				CLANG_WARN_STRICT_PROTOTYPES = YES;
				CLANG_WARN_SUSPICIOUS_MOVE = YES;
				CLANG_WARN_UNGUARDED_AVAILABILITY = YES_AGGRESSIVE;
				CLANG_WARN_UNREACHABLE_CODE = YES;
				CLANG_WARN__DUPLICATE_METHOD_MATCH = YES;
				COPY_PHASE_STRIP = NO;
				DEBUG_INFORMATION_FORMAT = dwarf;
				ENABLE_STRICT_OBJC_MSGSEND = YES;
				ENABLE_TESTABILITY = YES;
				GCC_C_LANGUAGE_STANDARD = gnu11;
				GCC_DYNAMIC_NO_PIC = NO;
				GCC_NO_COMMON_BLOCKS = YES;
				GCC_OPTIMIZATION_LEVEL = 0;
				GCC_PREPROCESSOR_DEFINITIONS = (
					"DEBUG=1",
					"$(inherited)",
				);
				GCC_WARN_64_TO_32_BIT_CONVERSION = YES;
				GCC_WARN_ABOUT_RETURN_TYPE = YES_ERROR;
				GCC_WARN_UNDECLARED_SELECTOR = YES;
				GCC_WARN_UNINITIALIZED_AUTOS = YES_AGGRESSIVE;
				GCC_WARN_UNUSED_FUNCTION = YES;
				GCC_WARN_UNUSED_VARIABLE = YES;
				IPHONEOS_DEPLOYMENT_TARGET = 13.2;
				MTL_ENABLE_DEBUG_INFO = INCLUDE_SOURCE;
				MTL_FAST_MATH = YES;
				ONLY_ACTIVE_ARCH = YES;
				SDKROOT = iphoneos;
				SWIFT_ACTIVE_COMPILATION_CONDITIONS = DEBUG;
				SWIFT_OPTIMIZATION_LEVEL = "-Onone";
			};
			name = Debug;
		};
		A7321F9223C5E431006920D9 /* Release */ = {
			isa = XCBuildConfiguration;
			buildSettings = {
				ALWAYS_SEARCH_USER_PATHS = NO;
				CLANG_ANALYZER_NONNULL = YES;
				CLANG_ANALYZER_NUMBER_OBJECT_CONVERSION = YES_AGGRESSIVE;
				CLANG_CXX_LANGUAGE_STANDARD = "gnu++14";
				CLANG_CXX_LIBRARY = "libc++";
				CLANG_ENABLE_MODULES = YES;
				CLANG_ENABLE_OBJC_ARC = YES;
				CLANG_ENABLE_OBJC_WEAK = YES;
				CLANG_WARN_BLOCK_CAPTURE_AUTORELEASING = YES;
				CLANG_WARN_BOOL_CONVERSION = YES;
				CLANG_WARN_COMMA = YES;
				CLANG_WARN_CONSTANT_CONVERSION = YES;
				CLANG_WARN_DEPRECATED_OBJC_IMPLEMENTATIONS = YES;
				CLANG_WARN_DIRECT_OBJC_ISA_USAGE = YES_ERROR;
				CLANG_WARN_DOCUMENTATION_COMMENTS = YES;
				CLANG_WARN_EMPTY_BODY = YES;
				CLANG_WARN_ENUM_CONVERSION = YES;
				CLANG_WARN_INFINITE_RECURSION = YES;
				CLANG_WARN_INT_CONVERSION = YES;
				CLANG_WARN_NON_LITERAL_NULL_CONVERSION = YES;
				CLANG_WARN_OBJC_IMPLICIT_RETAIN_SELF = YES;
				CLANG_WARN_OBJC_LITERAL_CONVERSION = YES;
				CLANG_WARN_OBJC_ROOT_CLASS = YES_ERROR;
				CLANG_WARN_RANGE_LOOP_ANALYSIS = YES;
				CLANG_WARN_STRICT_PROTOTYPES = YES;
				CLANG_WARN_SUSPICIOUS_MOVE = YES;
				CLANG_WARN_UNGUARDED_AVAILABILITY = YES_AGGRESSIVE;
				CLANG_WARN_UNREACHABLE_CODE = YES;
				CLANG_WARN__DUPLICATE_METHOD_MATCH = YES;
				COPY_PHASE_STRIP = NO;
				DEBUG_INFORMATION_FORMAT = "dwarf-with-dsym";
				ENABLE_NS_ASSERTIONS = NO;
				ENABLE_STRICT_OBJC_MSGSEND = YES;
				GCC_C_LANGUAGE_STANDARD = gnu11;
				GCC_NO_COMMON_BLOCKS = YES;
				GCC_WARN_64_TO_32_BIT_CONVERSION = YES;
				GCC_WARN_ABOUT_RETURN_TYPE = YES_ERROR;
				GCC_WARN_UNDECLARED_SELECTOR = YES;
				GCC_WARN_UNINITIALIZED_AUTOS = YES_AGGRESSIVE;
				GCC_WARN_UNUSED_FUNCTION = YES;
				GCC_WARN_UNUSED_VARIABLE = YES;
				IPHONEOS_DEPLOYMENT_TARGET = 13.2;
				MTL_ENABLE_DEBUG_INFO = NO;
				MTL_FAST_MATH = YES;
				SDKROOT = iphoneos;
				SWIFT_COMPILATION_MODE = wholemodule;
				SWIFT_OPTIMIZATION_LEVEL = "-O";
				VALIDATE_PRODUCT = YES;
			};
			name = Release;
		};
		A7321F9423C5E431006920D9 /* Debug */ = {
			isa = XCBuildConfiguration;
			buildSettings = {
				ASSETCATALOG_COMPILER_APPICON_NAME = AppIcon;
				CODE_SIGN_STYLE = Automatic;
				DEVELOPMENT_TEAM = FZZ4V5CW2H;
				INFOPLIST_FILE = simpleSavings/Info.plist;
				LD_RUNPATH_SEARCH_PATHS = (
					"$(inherited)",
					"@executable_path/Frameworks",
				);
				PRODUCT_BUNDLE_IDENTIFIER = com.stephensonang.simpleSavings;
				PRODUCT_NAME = "$(TARGET_NAME)";
				SWIFT_VERSION = 5.0;
				TARGETED_DEVICE_FAMILY = "1,2";
			};
			name = Debug;
		};
		A7321F9523C5E431006920D9 /* Release */ = {
			isa = XCBuildConfiguration;
			buildSettings = {
				ASSETCATALOG_COMPILER_APPICON_NAME = AppIcon;
				CODE_SIGN_STYLE = Automatic;
				DEVELOPMENT_TEAM = FZZ4V5CW2H;
				INFOPLIST_FILE = simpleSavings/Info.plist;
				LD_RUNPATH_SEARCH_PATHS = (
					"$(inherited)",
					"@executable_path/Frameworks",
				);
				PRODUCT_BUNDLE_IDENTIFIER = com.stephensonang.simpleSavings;
				PRODUCT_NAME = "$(TARGET_NAME)";
				SWIFT_VERSION = 5.0;
				TARGETED_DEVICE_FAMILY = "1,2";
			};
			name = Release;
		};
/* End XCBuildConfiguration section */

/* Begin XCConfigurationList section */
		A7321F7723C5E430006920D9 /* Build configuration list for PBXProject "simpleSavings" */ = {
			isa = XCConfigurationList;
			buildConfigurations = (
				A7321F9123C5E431006920D9 /* Debug */,
				A7321F9223C5E431006920D9 /* Release */,
			);
			defaultConfigurationIsVisible = 0;
			defaultConfigurationName = Release;
		};
		A7321F9323C5E431006920D9 /* Build configuration list for PBXNativeTarget "simpleSavings" */ = {
			isa = XCConfigurationList;
			buildConfigurations = (
				A7321F9423C5E431006920D9 /* Debug */,
				A7321F9523C5E431006920D9 /* Release */,
			);
			defaultConfigurationIsVisible = 0;
			defaultConfigurationName = Release;
		};
/* End XCConfigurationList section */

/* Begin XCVersionGroup section */
		A7321F8823C5E430006920D9 /* simpleSavings.xcdatamodeld */ = {
			isa = XCVersionGroup;
			children = (
				A7321F8923C5E430006920D9 /* simpleSavings.xcdatamodel */,
			);
			currentVersion = A7321F8923C5E430006920D9 /* simpleSavings.xcdatamodel */;
			path = simpleSavings.xcdatamodeld;
			sourceTree = "<group>";
			versionGroupType = wrapper.xcdatamodel;
		};
/* End XCVersionGroup section */
	};
	rootObject = A7321F7423C5E430006920D9 /* Project object */;
}
